
Microsoft Visual Studio Solution File, Format Version 12.00
# Visual Studio Version 17
VisualStudioVersion = 17.9.34728.123
MinimumVisualStudioVersion = 10.0.40219.1
Project("{FAE04EC0-301F-11D3-BF4B-00C04F79EFBC}") = "Chuongtrinhtinhdiemxet_tuyen", "Chuongtrinhtinhdiemxet_tuyen.csproj", "{8404DBC1-671B-429E-B313-90D49CD05D3F}"
EndProject
Global
	GlobalSection(SolutionConfigurationPlatforms) = preSolution
		Debug|Any CPU = Debug|Any CPU
		Release|Any CPU = Release|Any CPU
	EndGlobalSection
	GlobalSection(ProjectConfigurationPlatforms) = postSolution
		{8404DBC1-671B-429E-B313-90D49CD05D3F}.Debug|Any CPU.ActiveCfg = Debug|Any CPU
		{8404DBC1-671B-429E-B313-90D49CD05D3F}.Debug|Any CPU.Build.0 = Debug|Any CPU
		{8404DBC1-671B-429E-B313-90D49CD05D3F}.Release|Any CPU.ActiveCfg = Release|Any CPU
		{8404DBC1-671B-429E-B313-90D49CD05D3F}.Release|Any CPU.Build.0 = Release|Any CPU
	EndGlobalSection
	GlobalSection(SolutionProperties) = preSolution
		HideSolutionNode = FALSE
	EndGlobalSection
	GlobalSection(ExtensibilityGlobals) = postSolution
		SolutionGuid = {5EE5AD0A-AED2-4F1C-8E34-FD3DE7976D80}
	EndGlobalSection
EndGlobal
